
Microsoft Visual Studio Solution File, Format Version 12.00
# Visual Studio Version 16
VisualStudioVersion = 16.0.30907.101
MinimumVisualStudioVersion = 10.0.40219.1
Project("{FAE04EC0-301F-11D3-BF4B-00C04F79EFBC}") = "ConsoleApp1", "ConsoleApp1\ConsoleApp1.csproj", "{80568752-7DA4-482E-BAD4-90F722CA5894}"
EndProject
Global
	GlobalSection(SolutionConfigurationPlatforms) = preSolution
		Debug|Any CPU = Debug|Any CPU
		Release|Any CPU = Release|Any CPU
	EndGlobalSection
	GlobalSection(ProjectConfigurationPlatforms) = postSolution
		{80568752-7DA4-482E-BAD4-90F722CA5894}.Debug|Any CPU.ActiveCfg = Debug|Any CPU
		{80568752-7DA4-482E-BAD4-90F722CA5894}.Debug|Any CPU.Build.0 = Debug|Any CPU
		{80568752-7DA4-482E-BAD4-90F722CA5894}.Release|Any CPU.ActiveCfg = Release|Any CPU
		{80568752-7DA4-482E-BAD4-90F722CA5894}.Release|Any CPU.Build.0 = Release|Any CPU
	EndGlobalSection
	GlobalSection(SolutionProperties) = preSolution
		HideSolutionNode = FALSE
	EndGlobalSection
	GlobalSection(ExtensibilityGlobals) = postSolution
		SolutionGuid = {AB86F551-6E76-456B-B2F3-799331918389}
	EndGlobalSection
EndGlobal
